
Microsoft Visual Studio Solution File, Format Version 12.00
# Visual Studio Version 16
VisualStudioVersion = 16.0.32901.82
MinimumVisualStudioVersion = 10.0.40219.1
Project("{FAE04EC0-301F-11D3-BF4B-00C04F79EFBC}") = "Zadanie1Practic3", "Zadanie1Practic3\Zadanie1Practic3.csproj", "{99B25713-A0E5-4AFE-8DCE-4AF0C32DD192}"
EndProject
Global
	GlobalSection(SolutionConfigurationPlatforms) = preSolution
		Debug|Any CPU = Debug|Any CPU
		Release|Any CPU = Release|Any CPU
	EndGlobalSection
	GlobalSection(ProjectConfigurationPlatforms) = postSolution
		{99B25713-A0E5-4AFE-8DCE-4AF0C32DD192}.Debug|Any CPU.ActiveCfg = Debug|Any CPU
		{99B25713-A0E5-4AFE-8DCE-4AF0C32DD192}.Debug|Any CPU.Build.0 = Debug|Any CPU
		{99B25713-A0E5-4AFE-8DCE-4AF0C32DD192}.Release|Any CPU.ActiveCfg = Release|Any CPU
		{99B25713-A0E5-4AFE-8DCE-4AF0C32DD192}.Release|Any CPU.Build.0 = Release|Any CPU
	EndGlobalSection
	GlobalSection(SolutionProperties) = preSolution
		HideSolutionNode = FALSE
	EndGlobalSection
	GlobalSection(ExtensibilityGlobals) = postSolution
		SolutionGuid = {063F34C4-19CE-4AB0-BC54-05ECCBA7F8C0}
	EndGlobalSection
EndGlobal
