
Microsoft Visual Studio Solution File, Format Version 12.00
# Visual Studio Version 16
VisualStudioVersion = 16.0.32901.82
MinimumVisualStudioVersion = 10.0.40219.1
Project("{FAE04EC0-301F-11D3-BF4B-00C04F79EFBC}") = "DOp1Practic333", "DOp1Practic333\DOp1Practic333.csproj", "{51B9B003-49D0-41B2-8D06-EA159AE5A52C}"
EndProject
Global
	GlobalSection(SolutionConfigurationPlatforms) = preSolution
		Debug|Any CPU = Debug|Any CPU
		Release|Any CPU = Release|Any CPU
	EndGlobalSection
	GlobalSection(ProjectConfigurationPlatforms) = postSolution
		{51B9B003-49D0-41B2-8D06-EA159AE5A52C}.Debug|Any CPU.ActiveCfg = Debug|Any CPU
		{51B9B003-49D0-41B2-8D06-EA159AE5A52C}.Debug|Any CPU.Build.0 = Debug|Any CPU
		{51B9B003-49D0-41B2-8D06-EA159AE5A52C}.Release|Any CPU.ActiveCfg = Release|Any CPU
		{51B9B003-49D0-41B2-8D06-EA159AE5A52C}.Release|Any CPU.Build.0 = Release|Any CPU
	EndGlobalSection
	GlobalSection(SolutionProperties) = preSolution
		HideSolutionNode = FALSE
	EndGlobalSection
	GlobalSection(ExtensibilityGlobals) = postSolution
		SolutionGuid = {F1602466-D70E-42A5-85B2-8AAC6402BB53}
	EndGlobalSection
EndGlobal
