
Microsoft Visual Studio Solution File, Format Version 12.00
# Visual Studio Version 16
VisualStudioVersion = 16.0.32901.82
MinimumVisualStudioVersion = 10.0.40219.1
Project("{FAE04EC0-301F-11D3-BF4B-00C04F79EFBC}") = "Zadanie5Practic3", "Zadanie5Practic3\Zadanie5Practic3.csproj", "{532C521A-7E7D-49CA-9B81-B8D749D8E2EA}"
EndProject
Global
	GlobalSection(SolutionConfigurationPlatforms) = preSolution
		Debug|Any CPU = Debug|Any CPU
		Release|Any CPU = Release|Any CPU
	EndGlobalSection
	GlobalSection(ProjectConfigurationPlatforms) = postSolution
		{532C521A-7E7D-49CA-9B81-B8D749D8E2EA}.Debug|Any CPU.ActiveCfg = Debug|Any CPU
		{532C521A-7E7D-49CA-9B81-B8D749D8E2EA}.Debug|Any CPU.Build.0 = Debug|Any CPU
		{532C521A-7E7D-49CA-9B81-B8D749D8E2EA}.Release|Any CPU.ActiveCfg = Release|Any CPU
		{532C521A-7E7D-49CA-9B81-B8D749D8E2EA}.Release|Any CPU.Build.0 = Release|Any CPU
	EndGlobalSection
	GlobalSection(SolutionProperties) = preSolution
		HideSolutionNode = FALSE
	EndGlobalSection
	GlobalSection(ExtensibilityGlobals) = postSolution
		SolutionGuid = {E70E47F4-D2CA-4F59-9168-1D9C91942C7B}
	EndGlobalSection
EndGlobal
