
Microsoft Visual Studio Solution File, Format Version 12.00
# Visual Studio Version 16
VisualStudioVersion = 16.0.32901.82
MinimumVisualStudioVersion = 10.0.40219.1
Project("{FAE04EC0-301F-11D3-BF4B-00C04F79EFBC}") = "Zadanie2Practic3", "Zadanie2Practic3\Zadanie2Practic3.csproj", "{53FB9087-EA33-4C65-BB22-DD673FE37A40}"
EndProject
Global
	GlobalSection(SolutionConfigurationPlatforms) = preSolution
		Debug|Any CPU = Debug|Any CPU
		Release|Any CPU = Release|Any CPU
	EndGlobalSection
	GlobalSection(ProjectConfigurationPlatforms) = postSolution
		{53FB9087-EA33-4C65-BB22-DD673FE37A40}.Debug|Any CPU.ActiveCfg = Debug|Any CPU
		{53FB9087-EA33-4C65-BB22-DD673FE37A40}.Debug|Any CPU.Build.0 = Debug|Any CPU
		{53FB9087-EA33-4C65-BB22-DD673FE37A40}.Release|Any CPU.ActiveCfg = Release|Any CPU
		{53FB9087-EA33-4C65-BB22-DD673FE37A40}.Release|Any CPU.Build.0 = Release|Any CPU
	EndGlobalSection
	GlobalSection(SolutionProperties) = preSolution
		HideSolutionNode = FALSE
	EndGlobalSection
	GlobalSection(ExtensibilityGlobals) = postSolution
		SolutionGuid = {70B72ABD-C4C3-4D99-A72C-2E3938DF353F}
	EndGlobalSection
EndGlobal
